{
  "name": "neocities",
  "version": "1.0.0",
  "lockfileVersion": 1,
  "requires": true,
  "dependencies": {
    "@types/node": {
      "version": "17.0.4",
      "resolved": "https://registry.npmjs.org/@types/node/-/node-17.0.4.tgz",
      "integrity": "sha512-6xwbrW4JJiJLgF+zNypN5wr2ykM9/jHcL7rQ8fZe2vuftggjzZeRSM4OwRc6Xk8qWjwJ99qVHo/JgOGmomWRog=="
    },
    "@types/zen-observable": {
      "version": "0.8.3",
      "resolved": "https://registry.npmjs.org/@types/zen-observable/-/zen-observable-0.8.3.tgz",
      "integrity": "sha512-fbF6oTd4sGGy0xjHPKAt+eS2CrxJ3+6gQ3FGcBoIJR2TLAyCkCyI8JqZNy+FeON0AhVgNJoUumVoZQjBFUqHkw=="
    },
    "@wry/context": {
      "version": "0.4.4",
      "resolved": "https://registry.npmjs.org/@wry/context/-/context-0.4.4.tgz",
      "integrity": "sha512-LrKVLove/zw6h2Md/KZyWxIkFM6AoyKp71OqpH9Hiip1csjPVoD3tPxlbQUNxEnHENks3UGgNpSBCAfq9KWuag==",
      "requires": {
        "@types/node": ">=6",
        "tslib": "^1.9.3"
      }
    },
    "@wry/equality": {
      "version": "0.1.11",
      "resolved": "https://registry.npmjs.org/@wry/equality/-/equality-0.1.11.tgz",
      "integrity": "sha512-mwEVBDUVODlsQQ5dfuLUS5/Tf7jqUKyhKYHmVi4fPB6bDMOfWvUPJmKgS1Z7Za/sOI3vzWt4+O7yCiL/70MogA==",
      "requires": {
        "tslib": "^1.9.3"
      }
    },
    "ansi-styles": {
      "version": "4.3.0",
      "resolved": "https://registry.npmjs.org/ansi-styles/-/ansi-styles-4.3.0.tgz",
      "integrity": "sha512-zbB9rCJAT1rbjiVDb2hqKFHNYLxgtk8NURxZ3IZwD3F6NtxbXZQCnnSi1Lkx+IDohdPlFp222wVALIheZJQSEg==",
      "requires": {
        "color-convert": "^2.0.1"
      }
    },
    "apollo-boost": {
      "version": "0.4.9",
      "resolved": "https://registry.npmjs.org/apollo-boost/-/apollo-boost-0.4.9.tgz",
      "integrity": "sha512-05y5BKcDaa8w47f8d81UVwKqrAjn8uKLv6QM9fNdldoNzQ+rnOHgFlnrySUZRz9QIT3vPftQkEz2UEASp1Mi5g==",
      "requires": {
        "apollo-cache": "^1.3.5",
        "apollo-cache-inmemory": "^1.6.6",
        "apollo-client": "^2.6.10",
        "apollo-link": "^1.0.6",
        "apollo-link-error": "^1.0.3",
        "apollo-link-http": "^1.3.1",
        "graphql-tag": "^2.4.2",
        "ts-invariant": "^0.4.0",
        "tslib": "^1.10.0"
      }
    },
    "apollo-cache": {
      "version": "1.3.5",
      "resolved": "https://registry.npmjs.org/apollo-cache/-/apollo-cache-1.3.5.tgz",
      "integrity": "sha512-1XoDy8kJnyWY/i/+gLTEbYLnoiVtS8y7ikBr/IfmML4Qb+CM7dEEbIUOjnY716WqmZ/UpXIxTfJsY7rMcqiCXA==",
      "requires": {
        "apollo-utilities": "^1.3.4",
        "tslib": "^1.10.0"
      }
    },
    "apollo-cache-inmemory": {
      "version": "1.6.6",
      "resolved": "https://registry.npmjs.org/apollo-cache-inmemory/-/apollo-cache-inmemory-1.6.6.tgz",
      "integrity": "sha512-L8pToTW/+Xru2FFAhkZ1OA9q4V4nuvfoPecBM34DecAugUZEBhI2Hmpgnzq2hTKZ60LAMrlqiASm0aqAY6F8/A==",
      "requires": {
        "apollo-cache": "^1.3.5",
        "apollo-utilities": "^1.3.4",
        "optimism": "^0.10.0",
        "ts-invariant": "^0.4.0",
        "tslib": "^1.10.0"
      }
    },
    "apollo-client": {
      "version": "2.6.10",
      "resolved": "https://registry.npmjs.org/apollo-client/-/apollo-client-2.6.10.tgz",
      "integrity": "sha512-jiPlMTN6/5CjZpJOkGeUV0mb4zxx33uXWdj/xQCfAMkuNAC3HN7CvYDyMHHEzmcQ5GV12LszWoQ/VlxET24CtA==",
      "requires": {
        "@types/zen-observable": "^0.8.0",
        "apollo-cache": "1.3.5",
        "apollo-link": "^1.0.0",
        "apollo-utilities": "1.3.4",
        "symbol-observable": "^1.0.2",
        "ts-invariant": "^0.4.0",
        "tslib": "^1.10.0",
        "zen-observable": "^0.8.0"
      }
    },
    "apollo-link": {
      "version": "1.2.14",
      "resolved": "https://registry.npmjs.org/apollo-link/-/apollo-link-1.2.14.tgz",
      "integrity": "sha512-p67CMEFP7kOG1JZ0ZkYZwRDa369w5PIjtMjvrQd/HnIV8FRsHRqLqK+oAZQnFa1DDdZtOtHTi+aMIW6EatC2jg==",
      "requires": {
        "apollo-utilities": "^1.3.0",
        "ts-invariant": "^0.4.0",
        "tslib": "^1.9.3",
        "zen-observable-ts": "^0.8.21"
      }
    },
    "apollo-link-context": {
      "version": "1.0.20",
      "resolved": "https://registry.npmjs.org/apollo-link-context/-/apollo-link-context-1.0.20.tgz",
      "integrity": "sha512-MLLPYvhzNb8AglNsk2NcL9AvhO/Vc9hn2ZZuegbhRHGet3oGr0YH9s30NS9+ieoM0sGT11p7oZ6oAILM/kiRBA==",
      "requires": {
        "apollo-link": "^1.2.14",
        "tslib": "^1.9.3"
      }
    },
    "apollo-link-error": {
      "version": "1.1.13",
      "resolved": "https://registry.npmjs.org/apollo-link-error/-/apollo-link-error-1.1.13.tgz",
      "integrity": "sha512-jAZOOahJU6bwSqb2ZyskEK1XdgUY9nkmeclCrW7Gddh1uasHVqmoYc4CKdb0/H0Y1J9lvaXKle2Wsw/Zx1AyUg==",
      "requires": {
        "apollo-link": "^1.2.14",
        "apollo-link-http-common": "^0.2.16",
        "tslib": "^1.9.3"
      }
    },
    "apollo-link-http": {
      "version": "1.5.17",
      "resolved": "https://registry.npmjs.org/apollo-link-http/-/apollo-link-http-1.5.17.tgz",
      "integrity": "sha512-uWcqAotbwDEU/9+Dm9e1/clO7hTB2kQ/94JYcGouBVLjoKmTeJTUPQKcJGpPwUjZcSqgYicbFqQSoJIW0yrFvg==",
      "requires": {
        "apollo-link": "^1.2.14",
        "apollo-link-http-common": "^0.2.16",
        "tslib": "^1.9.3"
      }
    },
    "apollo-link-http-common": {
      "version": "0.2.16",
      "resolved": "https://registry.npmjs.org/apollo-link-http-common/-/apollo-link-http-common-0.2.16.tgz",
      "integrity": "sha512-2tIhOIrnaF4UbQHf7kjeQA/EmSorB7+HyJIIrUjJOKBgnXwuexi8aMecRlqTIDWcyVXCeqLhUnztMa6bOH/jTg==",
      "requires": {
        "apollo-link": "^1.2.14",
        "ts-invariant": "^0.4.0",
        "tslib": "^1.9.3"
      }
    },
    "apollo-link-prismic": {
      "version": "1.0.9",
      "resolved": "https://registry.npmjs.org/apollo-link-prismic/-/apollo-link-prismic-1.0.9.tgz",
      "integrity": "sha512-Iha/yCd2Cqwg3KgxzzvIsKkUr232M3XIEkBy+iJaH+A1Kub3JP0ye3s+0LQWn+6k0T7aWW5XBgWnY3zDd9x95Q==",
      "requires": {
        "apollo-boost": "^0.4.4",
        "apollo-cache-inmemory": "^1.6.3",
        "apollo-client": "^2.6.4",
        "apollo-link": "^1.2.3",
        "apollo-link-context": "^1.0.9",
        "apollo-link-http": "^1.5.16",
        "graphql": "^14.5.8",
        "prismic-javascript": "^1.5.0"
      },
      "dependencies": {
        "graphql": {
          "version": "14.7.0",
          "resolved": "https://registry.npmjs.org/graphql/-/graphql-14.7.0.tgz",
          "integrity": "sha512-l0xWZpoPKpppFzMfvVyFmp9vLN7w/ZZJPefUicMCepfJeQ8sMcztloGYY9DfjVPo6tIUDzU5Hw3MUbIjj9AVVA==",
          "requires": {
            "iterall": "^1.2.2"
          }
        }
      }
    },
    "apollo-utilities": {
      "version": "1.3.4",
      "resolved": "https://registry.npmjs.org/apollo-utilities/-/apollo-utilities-1.3.4.tgz",
      "integrity": "sha512-pk2hiWrCXMAy2fRPwEyhvka+mqwzeP60Jr1tRYi5xru+3ko94HI9o6lK0CT33/w4RDlxWchmdhDCrvdr+pHCig==",
      "requires": {
        "@wry/equality": "^0.1.2",
        "fast-json-stable-stringify": "^2.0.0",
        "ts-invariant": "^0.4.0",
        "tslib": "^1.10.0"
      }
    },
    "chalk": {
      "version": "4.1.2",
      "resolved": "https://registry.npmjs.org/chalk/-/chalk-4.1.2.tgz",
      "integrity": "sha512-oKnbhFyRIXpUuez8iBMmyEa4nbj4IOQyuhc/wy9kY7/WVPcwIO9VA668Pu8RkO7+0G76SLROeyw9CpQ061i4mA==",
      "requires": {
        "ansi-styles": "^4.1.0",
        "supports-color": "^7.1.0"
      }
    },
    "color-convert": {
      "version": "2.0.1",
      "resolved": "https://registry.npmjs.org/color-convert/-/color-convert-2.0.1.tgz",
      "integrity": "sha512-RRECPsj7iu/xb5oKYcsFHSppFNnsj/52OVTRKb4zP5onXwVF3zVmmToNcOfGC+CRDpfK/U584fMg38ZHCaElKQ==",
      "requires": {
        "color-name": "~1.1.4"
      }
    },
    "color-name": {
      "version": "1.1.4",
      "resolved": "https://registry.npmjs.org/color-name/-/color-name-1.1.4.tgz",
      "integrity": "sha512-dOy+3AuW3a2wNbZHIuMZpTcgjGuLU/uBL/ubcZF9OXbDo8ff4O8yVp5Bf0efS8uEoYo5q4Fx7dY9OgQGXgAsQA=="
    },
    "cross-fetch": {
      "version": "2.2.5",
      "resolved": "https://registry.npmjs.org/cross-fetch/-/cross-fetch-2.2.5.tgz",
      "integrity": "sha512-xqYAhQb4NhCJSRym03dwxpP1bYXpK3y7UN83Bo2WFi3x1Zmzn0SL/6xGoPr+gpt4WmNrgCCX3HPysvOwFOW36w==",
      "requires": {
        "node-fetch": "2.6.1",
        "whatwg-fetch": "2.0.4"
      },
      "dependencies": {
        "node-fetch": {
          "version": "2.6.1",
          "resolved": "https://registry.npmjs.org/node-fetch/-/node-fetch-2.6.1.tgz",
          "integrity": "sha512-V4aYg89jEoVRxRb2fJdAg8FHvI7cEyYdVAh94HH0UIK8oJxUfkjlDQN9RbMx+bEjP7+ggMiFRprSti032Oipxw=="
        }
      }
    },
    "data-uri-to-buffer": {
      "version": "4.0.0",
      "resolved": "https://registry.npmjs.org/data-uri-to-buffer/-/data-uri-to-buffer-4.0.0.tgz",
      "integrity": "sha512-Vr3mLBA8qWmcuschSLAOogKgQ/Jwxulv3RNE4FXnYWRGujzrRWQI4m12fQqRkwX06C0KanhLr4hK+GydchZsaA=="
    },
    "dotenv": {
      "version": "10.0.0",
      "resolved": "https://registry.npmjs.org/dotenv/-/dotenv-10.0.0.tgz",
      "integrity": "sha512-rlBi9d8jpv9Sf1klPjNfFAuWDjKLwTIJJ/VxtoTwIR6hnZxcEOQCZg2oIL3MWBYw5GpUDKOEnND7LXTbIpQ03Q=="
    },
    "fast-json-stable-stringify": {
      "version": "2.1.0",
      "resolved": "https://registry.npmjs.org/fast-json-stable-stringify/-/fast-json-stable-stringify-2.1.0.tgz",
      "integrity": "sha512-lhd/wF+Lk98HZoTCtlVraHtfh5XYijIjalXck7saUtuanSDyLMxnHhSXEDJqHxD7msR8D0uCmqlkwjCV8xvwHw=="
    },
    "fetch-blob": {
      "version": "3.1.3",
      "resolved": "https://registry.npmjs.org/fetch-blob/-/fetch-blob-3.1.3.tgz",
      "integrity": "sha512-ax1Y5I9w+9+JiM+wdHkhBoxew+zG4AJ2SvAD1v1szpddUIiPERVGBxrMcB2ZqW0Y3PP8bOWYv2zqQq1Jp2kqUQ==",
      "requires": {
        "web-streams-polyfill": "^3.0.3"
      }
    },
    "formdata-polyfill": {
      "version": "4.0.10",
      "resolved": "https://registry.npmjs.org/formdata-polyfill/-/formdata-polyfill-4.0.10.tgz",
      "integrity": "sha512-buewHzMvYL29jdeQTVILecSaZKnt/RJWjoZCF5OW60Z67/GmSLBkOFM7qh1PI3zFNtJbaZL5eQu1vLfazOwj4g==",
      "requires": {
        "fetch-blob": "^3.1.2"
      }
    },
    "graphql": {
      "version": "16.2.0",
      "resolved": "https://registry.npmjs.org/graphql/-/graphql-16.2.0.tgz",
      "integrity": "sha512-MuQd7XXrdOcmfwuLwC2jNvx0n3rxIuNYOxUtiee5XOmfrWo613ar2U8pE7aHAKh8VwfpifubpD9IP+EdEAEOsA=="
    },
    "graphql-tag": {
      "version": "2.12.6",
      "resolved": "https://registry.npmjs.org/graphql-tag/-/graphql-tag-2.12.6.tgz",
      "integrity": "sha512-FdSNcu2QQcWnM2VNvSCCDCVS5PpPqpzgFT8+GXzqJuoDd0CBncxCY278u4mhRO7tMgo2JjgJA5aZ+nWSQ/Z+xg==",
      "requires": {
        "tslib": "^2.1.0"
      },
      "dependencies": {
        "tslib": {
          "version": "2.3.1",
          "resolved": "https://registry.npmjs.org/tslib/-/tslib-2.3.1.tgz",
          "integrity": "sha512-77EbyPPpMz+FRFRuAFlWMtmgUWGe9UOG2Z25NqCwiIjRhOf5iKGuzSe5P2w1laq+FkRy4p+PCuVkJSGkzTEKVw=="
        }
      }
    },
    "has-flag": {
      "version": "4.0.0",
      "resolved": "https://registry.npmjs.org/has-flag/-/has-flag-4.0.0.tgz",
      "integrity": "sha512-EykJT/Q1KjTWctppgIAgfSO0tKVuZUjhgMr17kqTumMl6Afv3EISleU7qZUzoXDFTAHTDC4NOoG/ZxU3EvlMPQ=="
    },
    "iterall": {
      "version": "1.3.0",
      "resolved": "https://registry.npmjs.org/iterall/-/iterall-1.3.0.tgz",
      "integrity": "sha512-QZ9qOMdF+QLHxy1QIpUHUU1D5pS2CG2P69LF6L6CPjPYA/XMOmKV3PZpawHoAjHNyB0swdVTRxdYT4tbBbxqwg=="
    },
    "lodash.get": {
      "version": "4.4.2",
      "resolved": "https://registry.npmjs.org/lodash.get/-/lodash.get-4.4.2.tgz",
      "integrity": "sha1-LRd/ZS+jHpObRDjVNBSZ36OCXpk="
    },
    "node-fetch": {
      "version": "3.1.0",
      "resolved": "https://registry.npmjs.org/node-fetch/-/node-fetch-3.1.0.tgz",
      "integrity": "sha512-QU0WbIfMUjd5+MUzQOYhenAazakV7Irh1SGkWCsRzBwvm4fAhzEUaHMJ6QLP7gWT6WO9/oH2zhKMMGMuIrDyKw==",
      "requires": {
        "data-uri-to-buffer": "^4.0.0",
        "fetch-blob": "^3.1.2",
        "formdata-polyfill": "^4.0.10"
      }
    },
    "optimism": {
      "version": "0.10.3",
      "resolved": "https://registry.npmjs.org/optimism/-/optimism-0.10.3.tgz",
      "integrity": "sha512-9A5pqGoQk49H6Vhjb9kPgAeeECfUDF6aIICbMDL23kDLStBn1MWk3YvcZ4xWF9CsSf6XEgvRLkXy4xof/56vVw==",
      "requires": {
        "@wry/context": "^0.4.0"
      }
    },
    "prismic-javascript": {
      "version": "1.5.1",
      "resolved": "https://registry.npmjs.org/prismic-javascript/-/prismic-javascript-1.5.1.tgz",
      "integrity": "sha512-JAqbrjzE5nOXs0wy7GySMkiV91jk8j0jQS8c+OC2zsoi1UzG4CriETgXVEXGdmVPC1Iu7PVucWmVn5iGiFcF5A==",
      "requires": {
        "cross-fetch": "^2.2.0",
        "promise-polyfill": "8.0.0"
      }
    },
    "promise-polyfill": {
      "version": "8.0.0",
      "resolved": "https://registry.npmjs.org/promise-polyfill/-/promise-polyfill-8.0.0.tgz",
      "integrity": "sha512-QGmPnw2hDEaRS6freHynJ7nfS1nDg0/P0c/CGglA43utoJjYQMiY9ojEpK0HaJ4wbUztdmwqQRlEfGWdsEQ5uQ=="
    },
    "supports-color": {
      "version": "7.2.0",
      "resolved": "https://registry.npmjs.org/supports-color/-/supports-color-7.2.0.tgz",
      "integrity": "sha512-qpCAvRl9stuOHveKsn7HncJRvv501qIacKzQlO/+Lwxc9+0q2wLyv4Dfvt80/DPn2pqOBsJdDiogXGR9+OvwRw==",
      "requires": {
        "has-flag": "^4.0.0"
      }
    },
    "symbol-observable": {
      "version": "1.2.0",
      "resolved": "https://registry.npmjs.org/symbol-observable/-/symbol-observable-1.2.0.tgz",
      "integrity": "sha512-e900nM8RRtGhlV36KGEU9k65K3mPb1WV70OdjfxlG2EAuM1noi/E/BaW/uMhL7bPEssK8QV57vN3esixjUvcXQ=="
    },
    "ts-invariant": {
      "version": "0.4.4",
      "resolved": "https://registry.npmjs.org/ts-invariant/-/ts-invariant-0.4.4.tgz",
      "integrity": "sha512-uEtWkFM/sdZvRNNDL3Ehu4WVpwaulhwQszV8mrtcdeE8nN00BV9mAmQ88RkrBhFgl9gMgvjJLAQcZbnPXI9mlA==",
      "requires": {
        "tslib": "^1.9.3"
      }
    },
    "tslib": {
      "version": "1.14.1",
      "resolved": "https://registry.npmjs.org/tslib/-/tslib-1.14.1.tgz",
      "integrity": "sha512-Xni35NKzjgMrwevysHTCArtLDpPvye8zV/0E4EyYn43P7/7qvQwPh9BGkHewbMulVntbigmcT7rdX3BNo9wRJg=="
    },
    "web-streams-polyfill": {
      "version": "3.2.0",
      "resolved": "https://registry.npmjs.org/web-streams-polyfill/-/web-streams-polyfill-3.2.0.tgz",
      "integrity": "sha512-EqPmREeOzttaLRm5HS7io98goBgZ7IVz79aDvqjD0kYXLtFZTc0T/U6wHTPKyIjb+MdN7DFIIX6hgdBEpWmfPA=="
    },
    "whatwg-fetch": {
      "version": "2.0.4",
      "resolved": "https://registry.npmjs.org/whatwg-fetch/-/whatwg-fetch-2.0.4.tgz",
      "integrity": "sha512-dcQ1GWpOD/eEQ97k66aiEVpNnapVj90/+R+SXTPYGHpYBBypfKJEQjLrvMZ7YXbKm21gXd4NcuxUTjiv1YtLng=="
    },
    "zen-observable": {
      "version": "0.8.15",
      "resolved": "https://registry.npmjs.org/zen-observable/-/zen-observable-0.8.15.tgz",
      "integrity": "sha512-PQ2PC7R9rslx84ndNBZB/Dkv8V8fZEpk83RLgXtYd0fwUgEjseMn1Dgajh2x6S8QbZAFa9p2qVCEuYZNgve0dQ=="
    },
    "zen-observable-ts": {
      "version": "0.8.21",
      "resolved": "https://registry.npmjs.org/zen-observable-ts/-/zen-observable-ts-0.8.21.tgz",
      "integrity": "sha512-Yj3yXweRc8LdRMrCC8nIc4kkjWecPAUVh0TI0OUrWXx6aX790vLcDlWca6I4vsyCGH3LpWxq0dJRcMOFoVqmeg==",
      "requires": {
        "tslib": "^1.9.3",
        "zen-observable": "^0.8.0"
      }
    }
  }
}
